
Microsoft Visual Studio Solution File, Format Version 12.00
# Visual Studio 14
VisualStudioVersion = 14.0.24720.0
MinimumVisualStudioVersion = 10.0.40219.1
Project("{8BB2217D-0F2D-49D1-97BC-3654ED321F3B}") = "PhpNetCore", "..\Source\Core\PhpNetCore.xproj", "{066BFB7D-C565-47B9-A4F4-52423019372A}"
	ProjectSection(ProjectDependencies) = postProject
		{1F16EDA1-FF3A-41C3-A97E-0E832E64003B} = {1F16EDA1-FF3A-41C3-A97E-0E832E64003B}
	EndProjectSection
EndProject
Project("{8BB2217D-0F2D-49D1-97BC-3654ED321F3B}") = "PhpNetCore.Parsers", "..\Source\Core.Parsers\PhpNetCore.Parsers.xproj", "{1F16EDA1-FF3A-41C3-A97E-0E832E64003B}"
EndProject
Project("{8BB2217D-0F2D-49D1-97BC-3654ED321F3B}") = "PhpNetCore.DuckTyping", "..\Source\Core.DuckTyping\PhpNetCore.DuckTyping.xproj", "{6C306616-4CA6-4B25-8525-B2ADB40377F4}"
	ProjectSection(ProjectDependencies) = postProject
		{066BFB7D-C565-47B9-A4F4-52423019372A} = {066BFB7D-C565-47B9-A4F4-52423019372A}
	EndProjectSection
EndProject
Project("{8BB2217D-0F2D-49D1-97BC-3654ED321F3B}") = "PhpNetCore.CodeDom", "..\Source\Core.CodeDom\PhpNetCore.CodeDom.xproj", "{99D4C009-F714-4D08-923F-257C19CB52BD}"
	ProjectSection(ProjectDependencies) = postProject
		{066BFB7D-C565-47B9-A4F4-52423019372A} = {066BFB7D-C565-47B9-A4F4-52423019372A}
	EndProjectSection
EndProject
Project("{8BB2217D-0F2D-49D1-97BC-3654ED321F3B}") = "PhpNetClassLibrary", "..\Source\ClassLibrary\PhpNetClassLibrary.xproj", "{415D9328-5EF0-4259-A83A-88562E142E7A}"
	ProjectSection(ProjectDependencies) = postProject
		{066BFB7D-C565-47B9-A4F4-52423019372A} = {066BFB7D-C565-47B9-A4F4-52423019372A}
	EndProjectSection
EndProject
Project("{8BB2217D-0F2D-49D1-97BC-3654ED321F3B}") = "PhpNetCurl", "..\Source\Extensions\Curl\PhpNetCurl.xproj", "{3448F9AC-4BB4-45B6-8B2F-98498221A84E}"
	ProjectSection(ProjectDependencies) = postProject
		{415D9328-5EF0-4259-A83A-88562E142E7A} = {415D9328-5EF0-4259-A83A-88562E142E7A}
	EndProjectSection
EndProject
Project("{8BB2217D-0F2D-49D1-97BC-3654ED321F3B}") = "PhpNetGd2", "..\Source\Extensions\Gd2\PhpNetGd2.xproj", "{B8606D87-D938-4486-9BDF-DE3F1150060F}"
	ProjectSection(ProjectDependencies) = postProject
		{415D9328-5EF0-4259-A83A-88562E142E7A} = {415D9328-5EF0-4259-A83A-88562E142E7A}
	EndProjectSection
EndProject
Project("{8BB2217D-0F2D-49D1-97BC-3654ED321F3B}") = "PhpNetGetText", "..\Source\Extensions\GetText\PhpNetGetText.xproj", "{23072B0A-8634-40E1-8707-5CDCBDFFD9DA}"
	ProjectSection(ProjectDependencies) = postProject
		{415D9328-5EF0-4259-A83A-88562E142E7A} = {415D9328-5EF0-4259-A83A-88562E142E7A}
	EndProjectSection
EndProject
Project("{8BB2217D-0F2D-49D1-97BC-3654ED321F3B}") = "PhpNetIconv", "..\Source\Extensions\Iconv\PhpNetIconv.xproj", "{F116C096-399E-43A8-9B59-C996F4577A04}"
	ProjectSection(ProjectDependencies) = postProject
		{415D9328-5EF0-4259-A83A-88562E142E7A} = {415D9328-5EF0-4259-A83A-88562E142E7A}
		{3E0C46A4-6071-4681-9A41-A03EE31AF8C8} = {3E0C46A4-6071-4681-9A41-A03EE31AF8C8}
	EndProjectSection
EndProject
Project("{8BB2217D-0F2D-49D1-97BC-3654ED321F3B}") = "PhpNetMbstring", "..\Source\Extensions\Mbstring\PhpNetMbstring.xproj", "{3E0C46A4-6071-4681-9A41-A03EE31AF8C8}"
	ProjectSection(ProjectDependencies) = postProject
		{415D9328-5EF0-4259-A83A-88562E142E7A} = {415D9328-5EF0-4259-A83A-88562E142E7A}
	EndProjectSection
EndProject
Project("{8BB2217D-0F2D-49D1-97BC-3654ED321F3B}") = "PhpNetMsSql", "..\Source\Extensions\MsSql\PhpNetMsSql.xproj", "{D20C3BEE-01A2-41C0-9922-A455C860EC47}"
	ProjectSection(ProjectDependencies) = postProject
		{415D9328-5EF0-4259-A83A-88562E142E7A} = {415D9328-5EF0-4259-A83A-88562E142E7A}
	EndProjectSection
EndProject
Project("{8BB2217D-0F2D-49D1-97BC-3654ED321F3B}") = "PhpNetPDO", "..\Source\Extensions\PDO\PhpNetPDO.xproj", "{2FF45E6F-9990-4DF6-A017-010B7B4A22E2}"
	ProjectSection(ProjectDependencies) = postProject
		{415D9328-5EF0-4259-A83A-88562E142E7A} = {415D9328-5EF0-4259-A83A-88562E142E7A}
	EndProjectSection
EndProject
Project("{8BB2217D-0F2D-49D1-97BC-3654ED321F3B}") = "PhpNetPDOSQLite", "..\Source\Extensions\PDOSQLite\PhpNetPDOSQLite.xproj", "{A2A55E87-6F9B-495C-8815-6F2EE92D989C}"
	ProjectSection(ProjectDependencies) = postProject
		{415D9328-5EF0-4259-A83A-88562E142E7A} = {415D9328-5EF0-4259-A83A-88562E142E7A}
		{2FF45E6F-9990-4DF6-A017-010B7B4A22E2} = {2FF45E6F-9990-4DF6-A017-010B7B4A22E2}
	EndProjectSection
EndProject
Project("{8BB2217D-0F2D-49D1-97BC-3654ED321F3B}") = "PhpNetPDOSQLServer", "..\Source\Extensions\PDOSQLServer\PhpNetPDOSQLServer.xproj", "{841F1DD3-00C9-4666-A08F-E31C64BE05EC}"
	ProjectSection(ProjectDependencies) = postProject
		{415D9328-5EF0-4259-A83A-88562E142E7A} = {415D9328-5EF0-4259-A83A-88562E142E7A}
		{2FF45E6F-9990-4DF6-A017-010B7B4A22E2} = {2FF45E6F-9990-4DF6-A017-010B7B4A22E2}
	EndProjectSection
EndProject
Project("{8BB2217D-0F2D-49D1-97BC-3654ED321F3B}") = "PhpNetSoap", "..\Source\Extensions\Soap\PhpNetSoap.xproj", "{62C7BAAA-D1BB-4C35-B21B-938F2C75816C}"
	ProjectSection(ProjectDependencies) = postProject
		{415D9328-5EF0-4259-A83A-88562E142E7A} = {415D9328-5EF0-4259-A83A-88562E142E7A}
	EndProjectSection
EndProject
Project("{8BB2217D-0F2D-49D1-97BC-3654ED321F3B}") = "PhpNetSQLite", "..\Source\Extensions\SQLite\PhpNetSQLite.xproj", "{AF961A85-3613-42DF-AC3E-05043DCD70C9}"
	ProjectSection(ProjectDependencies) = postProject
		{415D9328-5EF0-4259-A83A-88562E142E7A} = {415D9328-5EF0-4259-A83A-88562E142E7A}
	EndProjectSection
EndProject
Project("{8BB2217D-0F2D-49D1-97BC-3654ED321F3B}") = "PhpNetXml", "..\Source\Extensions\Xml\PhpNetXml.xproj", "{8651FA6A-FA31-4E8F-8DF6-5E99686589C2}"
	ProjectSection(ProjectDependencies) = postProject
		{415D9328-5EF0-4259-A83A-88562E142E7A} = {415D9328-5EF0-4259-A83A-88562E142E7A}
	EndProjectSection
EndProject
Project("{8BB2217D-0F2D-49D1-97BC-3654ED321F3B}") = "PhpNetXmlDom", "..\Source\Extensions\XmlDom\PhpNetXmlDom.xproj", "{E331B8CE-78CF-46DC-8113-217DDE43ED84}"
	ProjectSection(ProjectDependencies) = postProject
		{8651FA6A-FA31-4E8F-8DF6-5E99686589C2} = {8651FA6A-FA31-4E8F-8DF6-5E99686589C2}
		{066BFB7D-C565-47B9-A4F4-52423019372A} = {066BFB7D-C565-47B9-A4F4-52423019372A}
	EndProjectSection
EndProject
Project("{8BB2217D-0F2D-49D1-97BC-3654ED321F3B}") = "PhpNetZip", "..\Source\Extensions\Zip\PhpNetZip.xproj", "{96BF893B-600A-46BF-B89D-2CC7232B1FE4}"
	ProjectSection(ProjectDependencies) = postProject
		{415D9328-5EF0-4259-A83A-88562E142E7A} = {415D9328-5EF0-4259-A83A-88562E142E7A}
	EndProjectSection
EndProject
Project("{8BB2217D-0F2D-49D1-97BC-3654ED321F3B}") = "PhpNetZlib", "..\Source\Extensions\Zlib\PhpNetZlib.xproj", "{F1D2A63C-8D89-4E16-8E95-B376CEEC39FC}"
	ProjectSection(ProjectDependencies) = postProject
		{415D9328-5EF0-4259-A83A-88562E142E7A} = {415D9328-5EF0-4259-A83A-88562E142E7A}
		{066BFB7D-C565-47B9-A4F4-52423019372A} = {066BFB7D-C565-47B9-A4F4-52423019372A}
	EndProjectSection
EndProject
Project("{2150E333-8FDC-42A3-9474-1A3956D46DE8}") = "Extensions", "Extensions", "{A40CDCB2-9CDC-4776-BABD-2C4F839B2752}"
EndProject
Project("{2150E333-8FDC-42A3-9474-1A3956D46DE8}") = "MetaPackages", "MetaPackages", "{308D71B5-95EE-4E5C-A875-EC75BB6CDBCB}"
EndProject
Project("{2150E333-8FDC-42A3-9474-1A3956D46DE8}") = "Core", "Core", "{B1873DE6-46B0-4285-978B-54C7618C6C9C}"
EndProject
Project("{8BB2217D-0F2D-49D1-97BC-3654ED321F3B}") = "CoreMetaPackage", "..\Source\MetaPackage\CoreMetaPackage.xproj", "{97440C37-8041-4C6C-875B-67C9A74382D2}"
	ProjectSection(ProjectDependencies) = postProject
		{99D4C009-F714-4D08-923F-257C19CB52BD} = {99D4C009-F714-4D08-923F-257C19CB52BD}
		{6C306616-4CA6-4B25-8525-B2ADB40377F4} = {6C306616-4CA6-4B25-8525-B2ADB40377F4}
		{415D9328-5EF0-4259-A83A-88562E142E7A} = {415D9328-5EF0-4259-A83A-88562E142E7A}
		{066BFB7D-C565-47B9-A4F4-52423019372A} = {066BFB7D-C565-47B9-A4F4-52423019372A}
	EndProjectSection
EndProject
Project("{8BB2217D-0F2D-49D1-97BC-3654ED321F3B}") = "CompleteMetaPackage", "..\Source\CompleteMetaPackage\CompleteMetaPackage.xproj", "{35584F2E-F13B-4EE4-B826-11B6AF7B0A34}"
	ProjectSection(ProjectDependencies) = postProject
		{6D808318-8246-46AD-8F9D-792432F17D77} = {6D808318-8246-46AD-8F9D-792432F17D77}
		{97440C37-8041-4C6C-875B-67C9A74382D2} = {97440C37-8041-4C6C-875B-67C9A74382D2}
	EndProjectSection
EndProject
Project("{8BB2217D-0F2D-49D1-97BC-3654ED321F3B}") = "ExtensionsMetaPackage", "..\Source\Extensions\ExtensionsMetaPackage\ExtensionsMetaPackage.xproj", "{6D808318-8246-46AD-8F9D-792432F17D77}"
	ProjectSection(ProjectDependencies) = postProject
		{23072B0A-8634-40E1-8707-5CDCBDFFD9DA} = {23072B0A-8634-40E1-8707-5CDCBDFFD9DA}
		{96BF893B-600A-46BF-B89D-2CC7232B1FE4} = {96BF893B-600A-46BF-B89D-2CC7232B1FE4}
		{F1D2A63C-8D89-4E16-8E95-B376CEEC39FC} = {F1D2A63C-8D89-4E16-8E95-B376CEEC39FC}
		{8651FA6A-FA31-4E8F-8DF6-5E99686589C2} = {8651FA6A-FA31-4E8F-8DF6-5E99686589C2}
		{2FF45E6F-9990-4DF6-A017-010B7B4A22E2} = {2FF45E6F-9990-4DF6-A017-010B7B4A22E2}
		{AF961A85-3613-42DF-AC3E-05043DCD70C9} = {AF961A85-3613-42DF-AC3E-05043DCD70C9}
		{A2A55E87-6F9B-495C-8815-6F2EE92D989C} = {A2A55E87-6F9B-495C-8815-6F2EE92D989C}
		{B8606D87-D938-4486-9BDF-DE3F1150060F} = {B8606D87-D938-4486-9BDF-DE3F1150060F}
		{F116C096-399E-43A8-9B59-C996F4577A04} = {F116C096-399E-43A8-9B59-C996F4577A04}
		{3E0C46A4-6071-4681-9A41-A03EE31AF8C8} = {3E0C46A4-6071-4681-9A41-A03EE31AF8C8}
		{62C7BAAA-D1BB-4C35-B21B-938F2C75816C} = {62C7BAAA-D1BB-4C35-B21B-938F2C75816C}
		{3448F9AC-4BB4-45B6-8B2F-98498221A84E} = {3448F9AC-4BB4-45B6-8B2F-98498221A84E}
		{E331B8CE-78CF-46DC-8113-217DDE43ED84} = {E331B8CE-78CF-46DC-8113-217DDE43ED84}
		{841F1DD3-00C9-4666-A08F-E31C64BE05EC} = {841F1DD3-00C9-4666-A08F-E31C64BE05EC}
		{D20C3BEE-01A2-41C0-9922-A455C860EC47} = {D20C3BEE-01A2-41C0-9922-A455C860EC47}
	EndProjectSection
EndProject
Global
	GlobalSection(SolutionConfigurationPlatforms) = preSolution
		Debug|Any CPU = Debug|Any CPU
		Release|Any CPU = Release|Any CPU
	EndGlobalSection
	GlobalSection(ProjectConfigurationPlatforms) = postSolution
		{066BFB7D-C565-47B9-A4F4-52423019372A}.Debug|Any CPU.ActiveCfg = Debug|Any CPU
		{066BFB7D-C565-47B9-A4F4-52423019372A}.Debug|Any CPU.Build.0 = Debug|Any CPU
		{066BFB7D-C565-47B9-A4F4-52423019372A}.Release|Any CPU.ActiveCfg = Release|Any CPU
		{066BFB7D-C565-47B9-A4F4-52423019372A}.Release|Any CPU.Build.0 = Release|Any CPU
		{1F16EDA1-FF3A-41C3-A97E-0E832E64003B}.Debug|Any CPU.ActiveCfg = Debug|Any CPU
		{1F16EDA1-FF3A-41C3-A97E-0E832E64003B}.Debug|Any CPU.Build.0 = Debug|Any CPU
		{1F16EDA1-FF3A-41C3-A97E-0E832E64003B}.Release|Any CPU.ActiveCfg = Release|Any CPU
		{1F16EDA1-FF3A-41C3-A97E-0E832E64003B}.Release|Any CPU.Build.0 = Release|Any CPU
		{6C306616-4CA6-4B25-8525-B2ADB40377F4}.Debug|Any CPU.ActiveCfg = Debug|Any CPU
		{6C306616-4CA6-4B25-8525-B2ADB40377F4}.Debug|Any CPU.Build.0 = Debug|Any CPU
		{6C306616-4CA6-4B25-8525-B2ADB40377F4}.Release|Any CPU.ActiveCfg = Release|Any CPU
		{6C306616-4CA6-4B25-8525-B2ADB40377F4}.Release|Any CPU.Build.0 = Release|Any CPU
		{99D4C009-F714-4D08-923F-257C19CB52BD}.Debug|Any CPU.ActiveCfg = Debug|Any CPU
		{99D4C009-F714-4D08-923F-257C19CB52BD}.Debug|Any CPU.Build.0 = Debug|Any CPU
		{99D4C009-F714-4D08-923F-257C19CB52BD}.Release|Any CPU.ActiveCfg = Release|Any CPU
		{99D4C009-F714-4D08-923F-257C19CB52BD}.Release|Any CPU.Build.0 = Release|Any CPU
		{415D9328-5EF0-4259-A83A-88562E142E7A}.Debug|Any CPU.ActiveCfg = Debug|Any CPU
		{415D9328-5EF0-4259-A83A-88562E142E7A}.Debug|Any CPU.Build.0 = Debug|Any CPU
		{415D9328-5EF0-4259-A83A-88562E142E7A}.Release|Any CPU.ActiveCfg = Release|Any CPU
		{415D9328-5EF0-4259-A83A-88562E142E7A}.Release|Any CPU.Build.0 = Release|Any CPU
		{3448F9AC-4BB4-45B6-8B2F-98498221A84E}.Debug|Any CPU.ActiveCfg = Debug|Any CPU
		{3448F9AC-4BB4-45B6-8B2F-98498221A84E}.Debug|Any CPU.Build.0 = Debug|Any CPU
		{3448F9AC-4BB4-45B6-8B2F-98498221A84E}.Release|Any CPU.ActiveCfg = Release|Any CPU
		{3448F9AC-4BB4-45B6-8B2F-98498221A84E}.Release|Any CPU.Build.0 = Release|Any CPU
		{B8606D87-D938-4486-9BDF-DE3F1150060F}.Debug|Any CPU.ActiveCfg = Debug|Any CPU
		{B8606D87-D938-4486-9BDF-DE3F1150060F}.Debug|Any CPU.Build.0 = Debug|Any CPU
		{B8606D87-D938-4486-9BDF-DE3F1150060F}.Release|Any CPU.ActiveCfg = Release|Any CPU
		{B8606D87-D938-4486-9BDF-DE3F1150060F}.Release|Any CPU.Build.0 = Release|Any CPU
		{23072B0A-8634-40E1-8707-5CDCBDFFD9DA}.Debug|Any CPU.ActiveCfg = Debug|Any CPU
		{23072B0A-8634-40E1-8707-5CDCBDFFD9DA}.Debug|Any CPU.Build.0 = Debug|Any CPU
		{23072B0A-8634-40E1-8707-5CDCBDFFD9DA}.Release|Any CPU.ActiveCfg = Release|Any CPU
		{23072B0A-8634-40E1-8707-5CDCBDFFD9DA}.Release|Any CPU.Build.0 = Release|Any CPU
		{F116C096-399E-43A8-9B59-C996F4577A04}.Debug|Any CPU.ActiveCfg = Debug|Any CPU
		{F116C096-399E-43A8-9B59-C996F4577A04}.Debug|Any CPU.Build.0 = Debug|Any CPU
		{F116C096-399E-43A8-9B59-C996F4577A04}.Release|Any CPU.ActiveCfg = Release|Any CPU
		{F116C096-399E-43A8-9B59-C996F4577A04}.Release|Any CPU.Build.0 = Release|Any CPU
		{3E0C46A4-6071-4681-9A41-A03EE31AF8C8}.Debug|Any CPU.ActiveCfg = Debug|Any CPU
		{3E0C46A4-6071-4681-9A41-A03EE31AF8C8}.Debug|Any CPU.Build.0 = Debug|Any CPU
		{3E0C46A4-6071-4681-9A41-A03EE31AF8C8}.Release|Any CPU.ActiveCfg = Release|Any CPU
		{3E0C46A4-6071-4681-9A41-A03EE31AF8C8}.Release|Any CPU.Build.0 = Release|Any CPU
		{D20C3BEE-01A2-41C0-9922-A455C860EC47}.Debug|Any CPU.ActiveCfg = Debug|Any CPU
		{D20C3BEE-01A2-41C0-9922-A455C860EC47}.Debug|Any CPU.Build.0 = Debug|Any CPU
		{D20C3BEE-01A2-41C0-9922-A455C860EC47}.Release|Any CPU.ActiveCfg = Release|Any CPU
		{D20C3BEE-01A2-41C0-9922-A455C860EC47}.Release|Any CPU.Build.0 = Release|Any CPU
		{2FF45E6F-9990-4DF6-A017-010B7B4A22E2}.Debug|Any CPU.ActiveCfg = Debug|Any CPU
		{2FF45E6F-9990-4DF6-A017-010B7B4A22E2}.Debug|Any CPU.Build.0 = Debug|Any CPU
		{2FF45E6F-9990-4DF6-A017-010B7B4A22E2}.Release|Any CPU.ActiveCfg = Release|Any CPU
		{2FF45E6F-9990-4DF6-A017-010B7B4A22E2}.Release|Any CPU.Build.0 = Release|Any CPU
		{A2A55E87-6F9B-495C-8815-6F2EE92D989C}.Debug|Any CPU.ActiveCfg = Debug|Any CPU
		{A2A55E87-6F9B-495C-8815-6F2EE92D989C}.Debug|Any CPU.Build.0 = Debug|Any CPU
		{A2A55E87-6F9B-495C-8815-6F2EE92D989C}.Release|Any CPU.ActiveCfg = Release|Any CPU
		{A2A55E87-6F9B-495C-8815-6F2EE92D989C}.Release|Any CPU.Build.0 = Release|Any CPU
		{841F1DD3-00C9-4666-A08F-E31C64BE05EC}.Debug|Any CPU.ActiveCfg = Debug|Any CPU
		{841F1DD3-00C9-4666-A08F-E31C64BE05EC}.Debug|Any CPU.Build.0 = Debug|Any CPU
		{841F1DD3-00C9-4666-A08F-E31C64BE05EC}.Release|Any CPU.ActiveCfg = Release|Any CPU
		{841F1DD3-00C9-4666-A08F-E31C64BE05EC}.Release|Any CPU.Build.0 = Release|Any CPU
		{62C7BAAA-D1BB-4C35-B21B-938F2C75816C}.Debug|Any CPU.ActiveCfg = Debug|Any CPU
		{62C7BAAA-D1BB-4C35-B21B-938F2C75816C}.Debug|Any CPU.Build.0 = Debug|Any CPU
		{62C7BAAA-D1BB-4C35-B21B-938F2C75816C}.Release|Any CPU.ActiveCfg = Release|Any CPU
		{62C7BAAA-D1BB-4C35-B21B-938F2C75816C}.Release|Any CPU.Build.0 = Release|Any CPU
		{AF961A85-3613-42DF-AC3E-05043DCD70C9}.Debug|Any CPU.ActiveCfg = Debug|Any CPU
		{AF961A85-3613-42DF-AC3E-05043DCD70C9}.Debug|Any CPU.Build.0 = Debug|Any CPU
		{AF961A85-3613-42DF-AC3E-05043DCD70C9}.Release|Any CPU.ActiveCfg = Release|Any CPU
		{AF961A85-3613-42DF-AC3E-05043DCD70C9}.Release|Any CPU.Build.0 = Release|Any CPU
		{8651FA6A-FA31-4E8F-8DF6-5E99686589C2}.Debug|Any CPU.ActiveCfg = Debug|Any CPU
		{8651FA6A-FA31-4E8F-8DF6-5E99686589C2}.Debug|Any CPU.Build.0 = Debug|Any CPU
		{8651FA6A-FA31-4E8F-8DF6-5E99686589C2}.Release|Any CPU.ActiveCfg = Release|Any CPU
		{8651FA6A-FA31-4E8F-8DF6-5E99686589C2}.Release|Any CPU.Build.0 = Release|Any CPU
		{E331B8CE-78CF-46DC-8113-217DDE43ED84}.Debug|Any CPU.ActiveCfg = Debug|Any CPU
		{E331B8CE-78CF-46DC-8113-217DDE43ED84}.Debug|Any CPU.Build.0 = Debug|Any CPU
		{E331B8CE-78CF-46DC-8113-217DDE43ED84}.Release|Any CPU.ActiveCfg = Release|Any CPU
		{E331B8CE-78CF-46DC-8113-217DDE43ED84}.Release|Any CPU.Build.0 = Release|Any CPU
		{96BF893B-600A-46BF-B89D-2CC7232B1FE4}.Debug|Any CPU.ActiveCfg = Debug|Any CPU
		{96BF893B-600A-46BF-B89D-2CC7232B1FE4}.Debug|Any CPU.Build.0 = Debug|Any CPU
		{96BF893B-600A-46BF-B89D-2CC7232B1FE4}.Release|Any CPU.ActiveCfg = Release|Any CPU
		{96BF893B-600A-46BF-B89D-2CC7232B1FE4}.Release|Any CPU.Build.0 = Release|Any CPU
		{F1D2A63C-8D89-4E16-8E95-B376CEEC39FC}.Debug|Any CPU.ActiveCfg = Debug|Any CPU
		{F1D2A63C-8D89-4E16-8E95-B376CEEC39FC}.Debug|Any CPU.Build.0 = Debug|Any CPU
		{F1D2A63C-8D89-4E16-8E95-B376CEEC39FC}.Release|Any CPU.ActiveCfg = Release|Any CPU
		{F1D2A63C-8D89-4E16-8E95-B376CEEC39FC}.Release|Any CPU.Build.0 = Release|Any CPU
		{97440C37-8041-4C6C-875B-67C9A74382D2}.Debug|Any CPU.ActiveCfg = Debug|Any CPU
		{97440C37-8041-4C6C-875B-67C9A74382D2}.Debug|Any CPU.Build.0 = Debug|Any CPU
		{97440C37-8041-4C6C-875B-67C9A74382D2}.Release|Any CPU.ActiveCfg = Release|Any CPU
		{97440C37-8041-4C6C-875B-67C9A74382D2}.Release|Any CPU.Build.0 = Release|Any CPU
		{35584F2E-F13B-4EE4-B826-11B6AF7B0A34}.Debug|Any CPU.ActiveCfg = Debug|Any CPU
		{35584F2E-F13B-4EE4-B826-11B6AF7B0A34}.Debug|Any CPU.Build.0 = Debug|Any CPU
		{35584F2E-F13B-4EE4-B826-11B6AF7B0A34}.Release|Any CPU.ActiveCfg = Release|Any CPU
		{35584F2E-F13B-4EE4-B826-11B6AF7B0A34}.Release|Any CPU.Build.0 = Release|Any CPU
		{6D808318-8246-46AD-8F9D-792432F17D77}.Debug|Any CPU.ActiveCfg = Debug|Any CPU
		{6D808318-8246-46AD-8F9D-792432F17D77}.Debug|Any CPU.Build.0 = Debug|Any CPU
		{6D808318-8246-46AD-8F9D-792432F17D77}.Release|Any CPU.ActiveCfg = Release|Any CPU
		{6D808318-8246-46AD-8F9D-792432F17D77}.Release|Any CPU.Build.0 = Release|Any CPU
	EndGlobalSection
	GlobalSection(SolutionProperties) = preSolution
		HideSolutionNode = FALSE
	EndGlobalSection
	GlobalSection(NestedProjects) = preSolution
		{066BFB7D-C565-47B9-A4F4-52423019372A} = {B1873DE6-46B0-4285-978B-54C7618C6C9C}
		{1F16EDA1-FF3A-41C3-A97E-0E832E64003B} = {B1873DE6-46B0-4285-978B-54C7618C6C9C}
		{6C306616-4CA6-4B25-8525-B2ADB40377F4} = {B1873DE6-46B0-4285-978B-54C7618C6C9C}
		{99D4C009-F714-4D08-923F-257C19CB52BD} = {B1873DE6-46B0-4285-978B-54C7618C6C9C}
		{415D9328-5EF0-4259-A83A-88562E142E7A} = {B1873DE6-46B0-4285-978B-54C7618C6C9C}
		{3448F9AC-4BB4-45B6-8B2F-98498221A84E} = {A40CDCB2-9CDC-4776-BABD-2C4F839B2752}
		{B8606D87-D938-4486-9BDF-DE3F1150060F} = {A40CDCB2-9CDC-4776-BABD-2C4F839B2752}
		{23072B0A-8634-40E1-8707-5CDCBDFFD9DA} = {A40CDCB2-9CDC-4776-BABD-2C4F839B2752}
		{F116C096-399E-43A8-9B59-C996F4577A04} = {A40CDCB2-9CDC-4776-BABD-2C4F839B2752}
		{3E0C46A4-6071-4681-9A41-A03EE31AF8C8} = {A40CDCB2-9CDC-4776-BABD-2C4F839B2752}
		{D20C3BEE-01A2-41C0-9922-A455C860EC47} = {A40CDCB2-9CDC-4776-BABD-2C4F839B2752}
		{2FF45E6F-9990-4DF6-A017-010B7B4A22E2} = {A40CDCB2-9CDC-4776-BABD-2C4F839B2752}
		{A2A55E87-6F9B-495C-8815-6F2EE92D989C} = {A40CDCB2-9CDC-4776-BABD-2C4F839B2752}
		{841F1DD3-00C9-4666-A08F-E31C64BE05EC} = {A40CDCB2-9CDC-4776-BABD-2C4F839B2752}
		{62C7BAAA-D1BB-4C35-B21B-938F2C75816C} = {A40CDCB2-9CDC-4776-BABD-2C4F839B2752}
		{AF961A85-3613-42DF-AC3E-05043DCD70C9} = {A40CDCB2-9CDC-4776-BABD-2C4F839B2752}
		{8651FA6A-FA31-4E8F-8DF6-5E99686589C2} = {A40CDCB2-9CDC-4776-BABD-2C4F839B2752}
		{E331B8CE-78CF-46DC-8113-217DDE43ED84} = {A40CDCB2-9CDC-4776-BABD-2C4F839B2752}
		{96BF893B-600A-46BF-B89D-2CC7232B1FE4} = {A40CDCB2-9CDC-4776-BABD-2C4F839B2752}
		{F1D2A63C-8D89-4E16-8E95-B376CEEC39FC} = {A40CDCB2-9CDC-4776-BABD-2C4F839B2752}
		{97440C37-8041-4C6C-875B-67C9A74382D2} = {308D71B5-95EE-4E5C-A875-EC75BB6CDBCB}
		{35584F2E-F13B-4EE4-B826-11B6AF7B0A34} = {308D71B5-95EE-4E5C-A875-EC75BB6CDBCB}
		{6D808318-8246-46AD-8F9D-792432F17D77} = {308D71B5-95EE-4E5C-A875-EC75BB6CDBCB}
	EndGlobalSection
EndGlobal
